
Microsoft Visual Studio Solution File, Format Version 12.00
# Visual Studio Version 17
VisualStudioVersion = 17.14.36310.24 d17.14
MinimumVisualStudioVersion = 10.0.40219.1
Project("{FAE04EC0-301F-11D3-BF4B-00C04F79EFBC}") = "Smolathon_backend", "Smolathon_backend.csproj", "{58247EA2-F571-173E-C6F4-CBA682FD1B21}"
EndProject
Global
	GlobalSection(SolutionConfigurationPlatforms) = preSolution
		Debug|Any CPU = Debug|Any CPU
		Release|Any CPU = Release|Any CPU
	EndGlobalSection
	GlobalSection(ProjectConfigurationPlatforms) = postSolution
		{58247EA2-F571-173E-C6F4-CBA682FD1B21}.Debug|Any CPU.ActiveCfg = Debug|Any CPU
		{58247EA2-F571-173E-C6F4-CBA682FD1B21}.Debug|Any CPU.Build.0 = Debug|Any CPU
		{58247EA2-F571-173E-C6F4-CBA682FD1B21}.Release|Any CPU.ActiveCfg = Release|Any CPU
		{58247EA2-F571-173E-C6F4-CBA682FD1B21}.Release|Any CPU.Build.0 = Release|Any CPU
	EndGlobalSection
	GlobalSection(SolutionProperties) = preSolution
		HideSolutionNode = FALSE
	EndGlobalSection
	GlobalSection(ExtensibilityGlobals) = postSolution
		SolutionGuid = {73364A3F-8939-4AC2-8842-ABB251F299A3}
	EndGlobalSection
EndGlobal
