
Microsoft Visual Studio Solution File, Format Version 12.00
# Visual Studio Version 17
VisualStudioVersion = 17.14.36310.24
MinimumVisualStudioVersion = 10.0.40219.1
Project("{FAE04EC0-301F-11D3-BF4B-00C04F79EFBC}") = "Smolathon_backend", "Smolathon_backend\Smolathon_backend.csproj", "{CAC32C39-3514-4C82-84E6-05D7668B0CD9}"
EndProject
Global
	GlobalSection(SolutionConfigurationPlatforms) = preSolution
		Debug|Any CPU = Debug|Any CPU
		Release|Any CPU = Release|Any CPU
	EndGlobalSection
	GlobalSection(ProjectConfigurationPlatforms) = postSolution
		{CAC32C39-3514-4C82-84E6-05D7668B0CD9}.Debug|Any CPU.ActiveCfg = Debug|Any CPU
		{CAC32C39-3514-4C82-84E6-05D7668B0CD9}.Debug|Any CPU.Build.0 = Debug|Any CPU
		{CAC32C39-3514-4C82-84E6-05D7668B0CD9}.Release|Any CPU.ActiveCfg = Release|Any CPU
		{CAC32C39-3514-4C82-84E6-05D7668B0CD9}.Release|Any CPU.Build.0 = Release|Any CPU
	EndGlobalSection
	GlobalSection(SolutionProperties) = preSolution
		HideSolutionNode = FALSE
	EndGlobalSection
	GlobalSection(ExtensibilityGlobals) = postSolution
		SolutionGuid = {CFA443E8-07BA-47B8-A714-7A335AF30088}
	EndGlobalSection
EndGlobal
